../qc/multiqc/multiqc_report.html
../qc/fastqc/293T-RNASeq-M1-1_R1_fastqc.html
../qc/fastqc/293T-RNASeq-M1-1_R2_fastqc.html
../qc/fastqc/293T-RNASeq-M6-1_R1_fastqc.html
../qc/fastqc/293T-RNASeq-M6-1_R2_fastqc.html
../qc/fastqc/293T-RNASeq-M9-Y-1_R1_fastqc.html
../qc/fastqc/293T-RNASeq-M9-Y-1_R2_fastqc.html
../qc/fastqc/293T-RNASeq-S334-1_R1_fastqc.html
../qc/fastqc/293T-RNASeq-S334-1_R2_fastqc.html
../qc/fastqc/293T-RNASeq-Ed_R1_fastqc.html
../qc/fastqc/293T-RNASeq-Ed_R2_fastqc.html
../qc/fastqc/293T-RNASeq-M3-2_R1_fastqc.html
../qc/fastqc/293T-RNASeq-M3-2_R2_fastqc.html
../qc/fastqc/293T-RNASeq-V-A_R1_fastqc.html
../qc/fastqc/293T-RNASeq-V-A_R2_fastqc.html
../qc/fastqc/293T-RNASeq-M5-2_R1_fastqc.html
../qc/fastqc/293T-RNASeq-M5-2_R2_fastqc.html
../qc/fastqc/293T-RNASeq-B-2_R1_fastqc.html
../qc/fastqc/293T-RNASeq-B-2_R2_fastqc.html
../qc/fastqc/293T-RNASeq-M5-1_R1_fastqc.html
../qc/fastqc/293T-RNASeq-M5-1_R2_fastqc.html
../qc/fastqc/293T-RNASeq-M4-1_R1_fastqc.html
../qc/fastqc/293T-RNASeq-M4-1_R2_fastqc.html
../qc/fastqc/293T-RNASeq-M9-Y-2_R1_fastqc.html
../qc/fastqc/293T-RNASeq-M9-Y-2_R2_fastqc.html
../qc/fastqc/293T-RNASeq-Y-1_R1_fastqc.html
../qc/fastqc/293T-RNASeq-Y-1_R2_fastqc.html
../qc/fastqc/293T-RNASeq-S334-2_R1_fastqc.html
../qc/fastqc/293T-RNASeq-S334-2_R2_fastqc.html
../qc/fastqc/293T-RNASeq-M7-1_R1_fastqc.html
../qc/fastqc/293T-RNASeq-M7-1_R2_fastqc.html
../qc/fastqc/293T-RNASeq-V-D_R1_fastqc.html
../qc/fastqc/293T-RNASeq-V-D_R2_fastqc.html
../qc/fastqc/293T-RNASeq-Y-2_R1_fastqc.html
../qc/fastqc/293T-RNASeq-Y-2_R2_fastqc.html
../qc/fastqc/293T-RNASeq-EH-2_R1_fastqc.html
../qc/fastqc/293T-RNASeq-EH-2_R2_fastqc.html
../qc/fastqc/293T-RNASeq-M6-2_R1_fastqc.html
../qc/fastqc/293T-RNASeq-M6-2_R2_fastqc.html
../qc/fastqc/293T-RNASeq-B-1_R1_fastqc.html
../qc/fastqc/293T-RNASeq-B-1_R2_fastqc.html
../qc/fastqc/293T-RNASeq-H1_R1_fastqc.html
../qc/fastqc/293T-RNASeq-H1_R2_fastqc.html
../qc/fastqc/293T-RNASeq-V-B_R1_fastqc.html
../qc/fastqc/293T-RNASeq-V-B_R2_fastqc.html
../qc/fastqc/293T-RNASeq-M7-2_R1_fastqc.html
../qc/fastqc/293T-RNASeq-M7-2_R2_fastqc.html
../qc/fastqc/293T-RNASeq-M2-2_R1_fastqc.html
../qc/fastqc/293T-RNASeq-M2-2_R2_fastqc.html
../qc/fastqc/293T-RNASeq-M8-B-2_R1_fastqc.html
../qc/fastqc/293T-RNASeq-M8-B-2_R2_fastqc.html
../qc/fastqc/293T-RNASeq-M1-2_R1_fastqc.html
../qc/fastqc/293T-RNASeq-M1-2_R2_fastqc.html
../qc/fastqc/293T-RNASeq-M4-2_R1_fastqc.html
../qc/fastqc/293T-RNASeq-M4-2_R2_fastqc.html
../qc/fastqc/293T-RNASeq-M8-B-1_R1_fastqc.html
../qc/fastqc/293T-RNASeq-M8-B-1_R2_fastqc.html
../qc/fastqc/293T-RNASeq-EH-1_R1_fastqc.html
../qc/fastqc/293T-RNASeq-EH-1_R2_fastqc.html
../qc/fastqc/293T-RNASeq-M3-1_R1_fastqc.html
../qc/fastqc/293T-RNASeq-M3-1_R2_fastqc.html
../qc/fastqc/293T-RNASeq-M2-1_R1_fastqc.html
../qc/fastqc/293T-RNASeq-M2-1_R2_fastqc.html
